github.com/ebitengine/purego v0.10.0 h1:QIw4xfpWT6GWTzaW5XEKy3HXoqrJGx1ijYHzTF0/ISU=
github.com/ebitengine/purego v0.10.0/go.mod h1:iIjxzd6CiRiOG0UyXP+V1+jWqUXVjPKLAI0mRfJZTmQ=
github.com/klauspost/compress v1.18.5 h1:/h1gH5Ce+VWNLSWqPzOVn6XBO+vJbCNGvjoaGBFW2IE=
github.com/klauspost/compress v1.18.5/go.mod h1:cwPg85FWrGar70rWktvGQj8/hthj3wpl0PGDogxkrSQ=
